
Microsoft Visual Studio Solution File, Format Version 12.00
# Visual Studio 15
VisualStudioVersion = 15.0.28307.902
MinimumVisualStudioVersion = 10.0.40219.1
Project("{FAE04EC0-301F-11D3-BF4B-00C04F79EFBC}") = "CurveFit", "CurveFit\CurveFit.csproj", "{21023DDA-325C-4B36-8CA4-3EA629F4A52C}"
EndProject
Global
	GlobalSection(SolutionConfigurationPlatforms) = preSolution
		Debug|Any CPU = Debug|Any CPU
		Release|Any CPU = Release|Any CPU
	EndGlobalSection
	GlobalSection(ProjectConfigurationPlatforms) = postSolution
		{21023DDA-325C-4B36-8CA4-3EA629F4A52C}.Debug|Any CPU.ActiveCfg = Debug|Any CPU
		{21023DDA-325C-4B36-8CA4-3EA629F4A52C}.Debug|Any CPU.Build.0 = Debug|Any CPU
		{21023DDA-325C-4B36-8CA4-3EA629F4A52C}.Release|Any CPU.ActiveCfg = Release|Any CPU
		{21023DDA-325C-4B36-8CA4-3EA629F4A52C}.Release|Any CPU.Build.0 = Release|Any CPU
	EndGlobalSection
	GlobalSection(SolutionProperties) = preSolution
		HideSolutionNode = FALSE
	EndGlobalSection
	GlobalSection(ExtensibilityGlobals) = postSolution
		SolutionGuid = {E6FF90B1-867A-44BF-9D5B-BF1237AC5CB7}
	EndGlobalSection
EndGlobal
